// !$*UTF8*$!
{
	archiveVersion = 1;
	classes = {
	};
	objectVersion = 50;
	objects = {

/* Begin PBXBuildFile section */
		4F4930AB20B5145B0060D157 /* MainViewController.swift in Sources */ = {isa = PBXBuildFile; fileRef = 4F4930AA20B5145B0060D157 /* MainViewController.swift */; };
		4F4930AD20B5195C0060D157 /* RandomSongViewController.swift in Sources */ = {isa = PBXBuildFile; fileRef = 4F4930AC20B5195C0060D157 /* RandomSongViewController.swift */; };
		4F8BDD4920A7C8D3008DA64A /* TableViewController.swift in Sources */ = {isa = PBXBuildFile; fileRef = 4F8BDD4820A7C8D3008DA64A /* TableViewController.swift */; };
		4F908E1F20AFE83900029E9F /* Evermore.txt in Resources */ = {isa = PBXBuildFile; fileRef = 4F908DDF20AFE83900029E9F /* Evermore.txt */; };
		4F908E2020AFE83900029E9F /* Love Came Down - Bethel.txt in Resources */ = {isa = PBXBuildFile; fileRef = 4F908DE020AFE83900029E9F /* Love Came Down - Bethel.txt */; };
		4F908E2120AFE83900029E9F /* Heart Abandoned.txt in Resources */ = {isa = PBXBuildFile; fileRef = 4F908DE120AFE83900029E9F /* Heart Abandoned.txt */; };
		4F908E2220AFE83900029E9F /* The Stand.txt in Resources */ = {isa = PBXBuildFile; fileRef = 4F908DE220AFE83900029E9F /* The Stand.txt */; };
		4F908E2320AFE83900029E9F /* You Are Here (The Same Power) - Hillsong.txt in Resources */ = {isa = PBXBuildFile; fileRef = 4F908DE320AFE83900029E9F /* You Are Here (The Same Power) - Hillsong.txt */; };
		4F908E2420AFE83900029E9F /* Furious - Jeremy Riddle.txt in Resources */ = {isa = PBXBuildFile; fileRef = 4F908DE420AFE83900029E9F /* Furious - Jeremy Riddle.txt */; };
		4F908E2520AFE83900029E9F /* Closer - Bethel.txt in Resources */ = {isa = PBXBuildFile; fileRef = 4F908DE520AFE83900029E9F /* Closer - Bethel.txt */; };
		4F908E2620AFE83900029E9F /* Set A Fire.txt in Resources */ = {isa = PBXBuildFile; fileRef = 4F908DE620AFE83900029E9F /* Set A Fire.txt */; };
		4F908E2720AFE83900029E9F /* Oceans - Hillsong.txt in Resources */ = {isa = PBXBuildFile; fileRef = 4F908DE720AFE83900029E9F /* Oceans - Hillsong.txt */; };
		4F908E2820AFE83900029E9F /* Nothing I Hold Onto.txt in Resources */ = {isa = PBXBuildFile; fileRef = 4F908DE820AFE83900029E9F /* Nothing I Hold Onto.txt */; };
		4F908E2920AFE83900029E9F /* Satisfied In You.txt in Resources */ = {isa = PBXBuildFile; fileRef = 4F908DE920AFE83900029E9F /* Satisfied In You.txt */; };
		4F908E2A20AFE83900029E9F /* My Everything - Jesus Culture.txt in Resources */ = {isa = PBXBuildFile; fileRef = 4F908DEA20AFE83900029E9F /* My Everything - Jesus Culture.txt */; };
		4F908E2B20AFE83900029E9F /* Our God - Chris Tomlin.txt in Resources */ = {isa = PBXBuildFile; fileRef = 4F908DEB20AFE83900029E9F /* Our God - Chris Tomlin.txt */; };
		4F908E2C20AFE83900029E9F /* Oh God - Citizens and Saints.txt in Resources */ = {isa = PBXBuildFile; fileRef = 4F908DEC20AFE83900029E9F /* Oh God - Citizens and Saints.txt */; };
		4F908E2D20AFE83900029E9F /* Came To My Rescue - Hillsong.txt in Resources */ = {isa = PBXBuildFile; fileRef = 4F908DED20AFE83900029E9F /* Came To My Rescue - Hillsong.txt */; };
		4F908E2E20AFE83900029E9F /* We Believe - Newsboys.txt in Resources */ = {isa = PBXBuildFile; fileRef = 4F908DEE20AFE83900029E9F /* We Believe - Newsboys.txt */; };
		4F908E2F20AFE83900029E9F /* Savior King - Hillsong.txt in Resources */ = {isa = PBXBuildFile; fileRef = 4F908DEF20AFE83900029E9F /* Savior King - Hillsong.txt */; };
		4F908E3020AFE83900029E9F /* One Thing Remains.txt in Resources */ = {isa = PBXBuildFile; fileRef = 4F908DF020AFE83900029E9F /* One Thing Remains.txt */; };
		4F908E3120AFE83900029E9F /* The Time Has Come.txt in Resources */ = {isa = PBXBuildFile; fileRef = 4F908DF120AFE83900029E9F /* The Time Has Come.txt */; };
		4F908E3220AFE83900029E9F /* Oh You Bring - Hillsong.txt in Resources */ = {isa = PBXBuildFile; fileRef = 4F908DF220AFE83900029E9F /* Oh You Bring - Hillsong.txt */; };
		4F908E3320AFE83900029E9F /* Find My Own Flame - United Pursuit Band.txt in Resources */ = {isa = PBXBuildFile; fileRef = 4F908DF320AFE83900029E9F /* Find My Own Flame - United Pursuit Band.txt */; };
		4F908E3420AFE83900029E9F /* Carry My Soul Away - Phil Wickham.txt in Resources */ = {isa = PBXBuildFile; fileRef = 4F908DF420AFE83900029E9F /* Carry My Soul Away - Phil Wickham.txt */; };
		4F908E3520AFE83900029E9F /* Break Every Chain - United Pursuit Band.txt in Resources */ = {isa = PBXBuildFile; fileRef = 4F908DF520AFE83900029E9F /* Break Every Chain - United Pursuit Band.txt */; };
		4F908E3620AFE83900029E9F /* Cannons - Phil Wickham.txt in Resources */ = {isa = PBXBuildFile; fileRef = 4F908DF620AFE83900029E9F /* Cannons - Phil Wickham.txt */; };
		4F908E3720AFE83900029E9F /* Touch The Sky.txt in Resources */ = {isa = PBXBuildFile; fileRef = 4F908DF720AFE83900029E9F /* Touch The Sky.txt */; };
		4F908E3820AFE83900029E9F /* Your Love Never Fails.txt in Resources */ = {isa = PBXBuildFile; fileRef = 4F908DF820AFE83900029E9F /* Your Love Never Fails.txt */; };
		4F908E3920AFE83900029E9F /* Indescribable - Chris Tomlin.txt in Resources */ = {isa = PBXBuildFile; fileRef = 4F908DF920AFE83900029E9F /* Indescribable - Chris Tomlin.txt */; };
		4F908E3A20AFE83900029E9F /* Across The Earth - Hillsong.txt in Resources */ = {isa = PBXBuildFile; fileRef = 4F908DFA20AFE83900029E9F /* Across The Earth - Hillsong.txt */; };
		4F908E3B20AFE83900029E9F /* Anthology - Thrice.txt in Resources */ = {isa = PBXBuildFile; fileRef = 4F908DFB20AFE83900029E9F /* Anthology - Thrice.txt */; };
		4F908E3C20AFE83900029E9F /* You Won't Relent.txt in Resources */ = {isa = PBXBuildFile; fileRef = 4F908DFC20AFE83900029E9F /* You Won't Relent.txt */; };
		4F908E3D20AFE83900029E9F /* You Deserve - Hillsong.txt in Resources */ = {isa = PBXBuildFile; fileRef = 4F908DFD20AFE83900029E9F /* You Deserve - Hillsong.txt */; };
		4F908E3E20AFE83900029E9F /* Nothing But The Blood - Jesus Culture.txt in Resources */ = {isa = PBXBuildFile; fileRef = 4F908DFE20AFE83900029E9F /* Nothing But The Blood - Jesus Culture.txt */; };
		4F908E3F20AFE83900029E9F /* How He Loves Us.txt in Resources */ = {isa = PBXBuildFile; fileRef = 4F908DFF20AFE83900029E9F /* How He Loves Us.txt */; };
		4F908E4020AFE83900029E9F /* Christ Is Risen - Dustin Kensrue.txt in Resources */ = {isa = PBXBuildFile; fileRef = 4F908E0020AFE83900029E9F /* Christ Is Risen - Dustin Kensrue.txt */; };
		4F908E4120AFE83900029E9F /* Shout Unto God - Hillsong.txt in Resources */ = {isa = PBXBuildFile; fileRef = 4F908E0120AFE83900029E9F /* Shout Unto God - Hillsong.txt */; };
		4F908E4220AFE83900029E9F /* Come Lord Jesus - Dustin Kensrue.txt in Resources */ = {isa = PBXBuildFile; fileRef = 4F908E0220AFE83900029E9F /* Come Lord Jesus - Dustin Kensrue.txt */; };
		4F908E4320AFE83900029E9F /* Run - Hillsong.txt in Resources */ = {isa = PBXBuildFile; fileRef = 4F908E0320AFE83900029E9F /* Run - Hillsong.txt */; };
		4F908E4420AFE83900029E9F /* Lead Me To The Cross.txt in Resources */ = {isa = PBXBuildFile; fileRef = 4F908E0420AFE83900029E9F /* Lead Me To The Cross.txt */; };
		4F908E4520AFE83900029E9F /* Burning Ones - Jesus Culture.txt in Resources */ = {isa = PBXBuildFile; fileRef = 4F908E0520AFE83900029E9F /* Burning Ones - Jesus Culture.txt */; };
		4F908E4620AFE83900029E9F /* God Is Good - Dustin Kensrue.txt in Resources */ = {isa = PBXBuildFile; fileRef = 4F908E0620AFE83900029E9F /* God Is Good - Dustin Kensrue.txt */; };
		4F908E4720AFE83900029E9F /* A Beautiful Exchange - Hillsong.txt in Resources */ = {isa = PBXBuildFile; fileRef = 4F908E0720AFE83900029E9F /* A Beautiful Exchange - Hillsong.txt */; };
		4F908E4820AFE83900029E9F /* Create In Me A Clean Heart.txt in Resources */ = {isa = PBXBuildFile; fileRef = 4F908E0820AFE83900029E9F /* Create In Me A Clean Heart.txt */; };
		4F908E4920AFE83900029E9F /* Come Thou Fount - Kings Kaleidoscope.txt in Resources */ = {isa = PBXBuildFile; fileRef = 4F908E0920AFE83900029E9F /* Come Thou Fount - Kings Kaleidoscope.txt */; };
		4F908E4A20AFE83900029E9F /* We Will Not Be Shaken - Bethel.txt in Resources */ = {isa = PBXBuildFile; fileRef = 4F908E0A20AFE83900029E9F /* We Will Not Be Shaken - Bethel.txt */; };
		4F908E4B20AFE83900029E9F /* From The Inside Out - Hillsong.txt in Resources */ = {isa = PBXBuildFile; fileRef = 4F908E0B20AFE83900029E9F /* From The Inside Out - Hillsong.txt */; };
		4F908E4C20AFE83900029E9F /* Pursuit - Kim Walker.txt in Resources */ = {isa = PBXBuildFile; fileRef = 4F908E0C20AFE83900029E9F /* Pursuit - Kim Walker.txt */; };
		4F908E4D20AFE83900029E9F /* Called Me Higher - All Sons and Daughters.txt in Resources */ = {isa = PBXBuildFile; fileRef = 4F908E0D20AFE83900029E9F /* Called Me Higher - All Sons and Daughters.txt */; };
		4F908E4E20AFE83900029E9F /* Bigger Than - For All Seasons.txt in Resources */ = {isa = PBXBuildFile; fileRef = 4F908E0E20AFE83900029E9F /* Bigger Than - For All Seasons.txt */; };
		4F908E4F20AFE83900029E9F /* Fill Me Up - Jesus Culture.txt in Resources */ = {isa = PBXBuildFile; fileRef = 4F908E0F20AFE83900029E9F /* Fill Me Up - Jesus Culture.txt */; };
		4F908E5020AFE83900029E9F /* Holy Spirit.txt in Resources */ = {isa = PBXBuildFile; fileRef = 4F908E1020AFE83900029E9F /* Holy Spirit.txt */; };
		4F908E5120AFE83900029E9F /* Abound In Us - Dustin Kensrue.txt in Resources */ = {isa = PBXBuildFile; fileRef = 4F908E1120AFE83900029E9F /* Abound In Us - Dustin Kensrue.txt */; };
		4F908E5220AFE83900029E9F /* Let It Rain.txt in Resources */ = {isa = PBXBuildFile; fileRef = 4F908E1220AFE83900029E9F /* Let It Rain.txt */; };
		4F908E5320AFE83900029E9F /* Give Us Clean Hands.txt in Resources */ = {isa = PBXBuildFile; fileRef = 4F908E1320AFE83900029E9F /* Give Us Clean Hands.txt */; };
		4F908E5420AFE83900029E9F /* Holding Nothing Back.txt in Resources */ = {isa = PBXBuildFile; fileRef = 4F908E1420AFE83900029E9F /* Holding Nothing Back.txt */; };
		4F908E5520AFE83900029E9F /* Grace Alone - Dustin Kensrue.txt in Resources */ = {isa = PBXBuildFile; fileRef = 4F908E1520AFE83900029E9F /* Grace Alone - Dustin Kensrue.txt */; };
		4F908E5620AFE83900029E9F /* Revelation Song - Jesus Culture.txt in Resources */ = {isa = PBXBuildFile; fileRef = 4F908E1620AFE83900029E9F /* Revelation Song - Jesus Culture.txt */; };
		4F908E5720AFE83900029E9F /* Like A Lion - David Crowder.txt in Resources */ = {isa = PBXBuildFile; fileRef = 4F908E1720AFE83900029E9F /* Like A Lion - David Crowder.txt */; };
		4F908E5820AFE83900029E9F /* Give Me Faith.txt in Resources */ = {isa = PBXBuildFile; fileRef = 4F908E1820AFE83900029E9F /* Give Me Faith.txt */; };
		4F908E5920AFE83900029E9F /* We Are Hungry.txt in Resources */ = {isa = PBXBuildFile; fileRef = 4F908E1920AFE83900029E9F /* We Are Hungry.txt */; };
		4F908E5A20AFE83900029E9F /* Forever Reign - Hillsong United.txt in Resources */ = {isa = PBXBuildFile; fileRef = 4F908E1A20AFE83900029E9F /* Forever Reign - Hillsong United.txt */; };
		4F908E5B20AFE83900029E9F /* Anchor - Hillsong.txt in Resources */ = {isa = PBXBuildFile; fileRef = 4F908E1B20AFE83900029E9F /* Anchor - Hillsong.txt */; };
		4F908E5C20AFE83900029E9F /* Sing To The Lord - Hillsong.txt in Resources */ = {isa = PBXBuildFile; fileRef = 4F908E1C20AFE83900029E9F /* Sing To The Lord - Hillsong.txt */; };
		4F908E5D20AFE83900029E9F /* In Exile.txt in Resources */ = {isa = PBXBuildFile; fileRef = 4F908E1D20AFE83900029E9F /* In Exile.txt */; };
		4F908E5E20AFE83900029E9F /* Running In Circles - United Pursuit Band.txt in Resources */ = {isa = PBXBuildFile; fileRef = 4F908E1E20AFE83900029E9F /* Running In Circles - United Pursuit Band.txt */; };
		4FB1847720A6C1CD00A98DE8 /* AppDelegate.swift in Sources */ = {isa = PBXBuildFile; fileRef = 4FB1847620A6C1CD00A98DE8 /* AppDelegate.swift */; };
		4FB1847920A6C1CD00A98DE8 /* ViewController.swift in Sources */ = {isa = PBXBuildFile; fileRef = 4FB1847820A6C1CD00A98DE8 /* ViewController.swift */; };
		4FB1847C20A6C1CD00A98DE8 /* Main.storyboard in Resources */ = {isa = PBXBuildFile; fileRef = 4FB1847A20A6C1CD00A98DE8 /* Main.storyboard */; };
		4FB1847E20A6C1CF00A98DE8 /* Assets.xcassets in Resources */ = {isa = PBXBuildFile; fileRef = 4FB1847D20A6C1CF00A98DE8 /* Assets.xcassets */; };
		4FB1848120A6C1CF00A98DE8 /* LaunchScreen.storyboard in Resources */ = {isa = PBXBuildFile; fileRef = 4FB1847F20A6C1CF00A98DE8 /* LaunchScreen.storyboard */; };
		4FB1848920A6C59000A98DE8 /* praise.txt in Resources */ = {isa = PBXBuildFile; fileRef = 4FB1848820A6C59000A98DE8 /* praise.txt */; };
/* End PBXBuildFile section */

/* Begin PBXFileReference section */
		4F4930AA20B5145B0060D157 /* MainViewController.swift */ = {isa = PBXFileReference; lastKnownFileType = sourcecode.swift; path = MainViewController.swift; sourceTree = "<group>"; };
		4F4930AC20B5195C0060D157 /* RandomSongViewController.swift */ = {isa = PBXFileReference; lastKnownFileType = sourcecode.swift; path = RandomSongViewController.swift; sourceTree = "<group>"; };
		4F8BDD4820A7C8D3008DA64A /* TableViewController.swift */ = {isa = PBXFileReference; lastKnownFileType = sourcecode.swift; path = TableViewController.swift; sourceTree = "<group>"; };
		4F908DDF20AFE83900029E9F /* Evermore.txt */ = {isa = PBXFileReference; fileEncoding = 4; lastKnownFileType = text; path = Evermore.txt; sourceTree = "<group>"; };
		4F908DE020AFE83900029E9F /* Love Came Down - Bethel.txt */ = {isa = PBXFileReference; fileEncoding = 4; lastKnownFileType = text; path = "Love Came Down - Bethel.txt"; sourceTree = "<group>"; };
		4F908DE120AFE83900029E9F /* Heart Abandoned.txt */ = {isa = PBXFileReference; fileEncoding = 4; lastKnownFileType = text; path = "Heart Abandoned.txt"; sourceTree = "<group>"; };
		4F908DE220AFE83900029E9F /* The Stand.txt */ = {isa = PBXFileReference; fileEncoding = 4; lastKnownFileType = text; path = "The Stand.txt"; sourceTree = "<group>"; };
		4F908DE320AFE83900029E9F /* You Are Here (The Same Power) - Hillsong.txt */ = {isa = PBXFileReference; fileEncoding = 4; lastKnownFileType = text; path = "You Are Here (The Same Power) - Hillsong.txt"; sourceTree = "<group>"; };
		4F908DE420AFE83900029E9F /* Furious - Jeremy Riddle.txt */ = {isa = PBXFileReference; fileEncoding = 4; lastKnownFileType = text; path = "Furious - Jeremy Riddle.txt"; sourceTree = "<group>"; };
		4F908DE520AFE83900029E9F /* Closer - Bethel.txt */ = {isa = PBXFileReference; fileEncoding = 4; lastKnownFileType = text; path = "Closer - Bethel.txt"; sourceTree = "<group>"; };
		4F908DE620AFE83900029E9F /* Set A Fire.txt */ = {isa = PBXFileReference; fileEncoding = 4; lastKnownFileType = text; path = "Set A Fire.txt"; sourceTree = "<group>"; };
		4F908DE720AFE83900029E9F /* Oceans - Hillsong.txt */ = {isa = PBXFileReference; fileEncoding = 4; lastKnownFileType = text; path = "Oceans - Hillsong.txt"; sourceTree = "<group>"; };
		4F908DE820AFE83900029E9F /* Nothing I Hold Onto.txt */ = {isa = PBXFileReference; fileEncoding = 4; lastKnownFileType = text; path = "Nothing I Hold Onto.txt"; sourceTree = "<group>"; };
		4F908DE920AFE83900029E9F /* Satisfied In You.txt */ = {isa = PBXFileReference; fileEncoding = 4; lastKnownFileType = text; path = "Satisfied In You.txt"; sourceTree = "<group>"; };
		4F908DEA20AFE83900029E9F /* My Everything - Jesus Culture.txt */ = {isa = PBXFileReference; fileEncoding = 4; lastKnownFileType = text; path = "My Everything - Jesus Culture.txt"; sourceTree = "<group>"; };
		4F908DEB20AFE83900029E9F /* Our God - Chris Tomlin.txt */ = {isa = PBXFileReference; fileEncoding = 4; lastKnownFileType = text; path = "Our God - Chris Tomlin.txt"; sourceTree = "<group>"; };
		4F908DEC20AFE83900029E9F /* Oh God - Citizens and Saints.txt */ = {isa = PBXFileReference; fileEncoding = 4; lastKnownFileType = text; path = "Oh God - Citizens and Saints.txt"; sourceTree = "<group>"; };
		4F908DED20AFE83900029E9F /* Came To My Rescue - Hillsong.txt */ = {isa = PBXFileReference; fileEncoding = 4; lastKnownFileType = text; path = "Came To My Rescue - Hillsong.txt"; sourceTree = "<group>"; };
		4F908DEE20AFE83900029E9F /* We Believe - Newsboys.txt */ = {isa = PBXFileReference; fileEncoding = 4; lastKnownFileType = text; path = "We Believe - Newsboys.txt"; sourceTree = "<group>"; };
		4F908DEF20AFE83900029E9F /* Savior King - Hillsong.txt */ = {isa = PBXFileReference; fileEncoding = 4; lastKnownFileType = text; path = "Savior King - Hillsong.txt"; sourceTree = "<group>"; };
		4F908DF020AFE83900029E9F /* One Thing Remains.txt */ = {isa = PBXFileReference; fileEncoding = 4; lastKnownFileType = text; path = "One Thing Remains.txt"; sourceTree = "<group>"; };
		4F908DF120AFE83900029E9F /* The Time Has Come.txt */ = {isa = PBXFileReference; fileEncoding = 4; lastKnownFileType = text; path = "The Time Has Come.txt"; sourceTree = "<group>"; };
		4F908DF220AFE83900029E9F /* Oh You Bring - Hillsong.txt */ = {isa = PBXFileReference; fileEncoding = 4; lastKnownFileType = text; path = "Oh You Bring - Hillsong.txt"; sourceTree = "<group>"; };
		4F908DF320AFE83900029E9F /* Find My Own Flame - United Pursuit Band.txt */ = {isa = PBXFileReference; fileEncoding = 4; lastKnownFileType = text; path = "Find My Own Flame - United Pursuit Band.txt"; sourceTree = "<group>"; };
		4F908DF420AFE83900029E9F /* Carry My Soul Away - Phil Wickham.txt */ = {isa = PBXFileReference; fileEncoding = 4; lastKnownFileType = text; path = "Carry My Soul Away - Phil Wickham.txt"; sourceTree = "<group>"; };
		4F908DF520AFE83900029E9F /* Break Every Chain - United Pursuit Band.txt */ = {isa = PBXFileReference; fileEncoding = 4; lastKnownFileType = text; path = "Break Every Chain - United Pursuit Band.txt"; sourceTree = "<group>"; };
		4F908DF620AFE83900029E9F /* Cannons - Phil Wickham.txt */ = {isa = PBXFileReference; fileEncoding = 4; lastKnownFileType = text; path = "Cannons - Phil Wickham.txt"; sourceTree = "<group>"; };
		4F908DF720AFE83900029E9F /* Touch The Sky.txt */ = {isa = PBXFileReference; fileEncoding = 4; lastKnownFileType = text; path = "Touch The Sky.txt"; sourceTree = "<group>"; };
		4F908DF820AFE83900029E9F /* Your Love Never Fails.txt */ = {isa = PBXFileReference; fileEncoding = 4; lastKnownFileType = text; path = "Your Love Never Fails.txt"; sourceTree = "<group>"; };
		4F908DF920AFE83900029E9F /* Indescribable - Chris Tomlin.txt */ = {isa = PBXFileReference; fileEncoding = 4; lastKnownFileType = text; path = "Indescribable - Chris Tomlin.txt"; sourceTree = "<group>"; };
		4F908DFA20AFE83900029E9F /* Across The Earth - Hillsong.txt */ = {isa = PBXFileReference; fileEncoding = 4; lastKnownFileType = text; path = "Across The Earth - Hillsong.txt"; sourceTree = "<group>"; };
		4F908DFB20AFE83900029E9F /* Anthology - Thrice.txt */ = {isa = PBXFileReference; fileEncoding = 4; lastKnownFileType = text; path = "Anthology - Thrice.txt"; sourceTree = "<group>"; };
		4F908DFC20AFE83900029E9F /* You Won't Relent.txt */ = {isa = PBXFileReference; fileEncoding = 4; lastKnownFileType = text; path = "You Won't Relent.txt"; sourceTree = "<group>"; };
		4F908DFD20AFE83900029E9F /* You Deserve - Hillsong.txt */ = {isa = PBXFileReference; fileEncoding = 4; lastKnownFileType = text; path = "You Deserve - Hillsong.txt"; sourceTree = "<group>"; };
		4F908DFE20AFE83900029E9F /* Nothing But The Blood - Jesus Culture.txt */ = {isa = PBXFileReference; fileEncoding = 4; lastKnownFileType = text; path = "Nothing But The Blood - Jesus Culture.txt"; sourceTree = "<group>"; };
		4F908DFF20AFE83900029E9F /* How He Loves Us.txt */ = {isa = PBXFileReference; fileEncoding = 4; lastKnownFileType = text; path = "How He Loves Us.txt"; sourceTree = "<group>"; };
		4F908E0020AFE83900029E9F /* Christ Is Risen - Dustin Kensrue.txt */ = {isa = PBXFileReference; fileEncoding = 4; lastKnownFileType = text; path = "Christ Is Risen - Dustin Kensrue.txt"; sourceTree = "<group>"; };
		4F908E0120AFE83900029E9F /* Shout Unto God - Hillsong.txt */ = {isa = PBXFileReference; fileEncoding = 4; lastKnownFileType = text; path = "Shout Unto God - Hillsong.txt"; sourceTree = "<group>"; };
		4F908E0220AFE83900029E9F /* Come Lord Jesus - Dustin Kensrue.txt */ = {isa = PBXFileReference; fileEncoding = 4; lastKnownFileType = text; path = "Come Lord Jesus - Dustin Kensrue.txt"; sourceTree = "<group>"; };
		4F908E0320AFE83900029E9F /* Run - Hillsong.txt */ = {isa = PBXFileReference; fileEncoding = 4; lastKnownFileType = text; path = "Run - Hillsong.txt"; sourceTree = "<group>"; };
		4F908E0420AFE83900029E9F /* Lead Me To The Cross.txt */ = {isa = PBXFileReference; fileEncoding = 4; lastKnownFileType = text; path = "Lead Me To The Cross.txt"; sourceTree = "<group>"; };
		4F908E0520AFE83900029E9F /* Burning Ones - Jesus Culture.txt */ = {isa = PBXFileReference; fileEncoding = 4; lastKnownFileType = text; path = "Burning Ones - Jesus Culture.txt"; sourceTree = "<group>"; };
		4F908E0620AFE83900029E9F /* God Is Good - Dustin Kensrue.txt */ = {isa = PBXFileReference; fileEncoding = 4; lastKnownFileType = text; path = "God Is Good - Dustin Kensrue.txt"; sourceTree = "<group>"; };
		4F908E0720AFE83900029E9F /* A Beautiful Exchange - Hillsong.txt */ = {isa = PBXFileReference; fileEncoding = 4; lastKnownFileType = text; path = "A Beautiful Exchange - Hillsong.txt"; sourceTree = "<group>"; };
		4F908E0820AFE83900029E9F /* Create In Me A Clean Heart.txt */ = {isa = PBXFileReference; fileEncoding = 4; lastKnownFileType = text; path = "Create In Me A Clean Heart.txt"; sourceTree = "<group>"; };
		4F908E0920AFE83900029E9F /* Come Thou Fount - Kings Kaleidoscope.txt */ = {isa = PBXFileReference; fileEncoding = 4; lastKnownFileType = text; path = "Come Thou Fount - Kings Kaleidoscope.txt"; sourceTree = "<group>"; };
		4F908E0A20AFE83900029E9F /* We Will Not Be Shaken - Bethel.txt */ = {isa = PBXFileReference; fileEncoding = 4; lastKnownFileType = text; path = "We Will Not Be Shaken - Bethel.txt"; sourceTree = "<group>"; };
		4F908E0B20AFE83900029E9F /* From The Inside Out - Hillsong.txt */ = {isa = PBXFileReference; fileEncoding = 4; lastKnownFileType = text; path = "From The Inside Out - Hillsong.txt"; sourceTree = "<group>"; };
		4F908E0C20AFE83900029E9F /* Pursuit - Kim Walker.txt */ = {isa = PBXFileReference; fileEncoding = 4; lastKnownFileType = text; path = "Pursuit - Kim Walker.txt"; sourceTree = "<group>"; };
		4F908E0D20AFE83900029E9F /* Called Me Higher - All Sons and Daughters.txt */ = {isa = PBXFileReference; fileEncoding = 4; lastKnownFileType = text; path = "Called Me Higher - All Sons and Daughters.txt"; sourceTree = "<group>"; };
		4F908E0E20AFE83900029E9F /* Bigger Than - For All Seasons.txt */ = {isa = PBXFileReference; fileEncoding = 4; lastKnownFileType = text; path = "Bigger Than - For All Seasons.txt"; sourceTree = "<group>"; };
		4F908E0F20AFE83900029E9F /* Fill Me Up - Jesus Culture.txt */ = {isa = PBXFileReference; fileEncoding = 4; lastKnownFileType = text; path = "Fill Me Up - Jesus Culture.txt"; sourceTree = "<group>"; };
		4F908E1020AFE83900029E9F /* Holy Spirit.txt */ = {isa = PBXFileReference; fileEncoding = 4; lastKnownFileType = text; path = "Holy Spirit.txt"; sourceTree = "<group>"; };
		4F908E1120AFE83900029E9F /* Abound In Us - Dustin Kensrue.txt */ = {isa = PBXFileReference; fileEncoding = 4; lastKnownFileType = text; path = "Abound In Us - Dustin Kensrue.txt"; sourceTree = "<group>"; };
		4F908E1220AFE83900029E9F /* Let It Rain.txt */ = {isa = PBXFileReference; fileEncoding = 4; lastKnownFileType = text; path = "Let It Rain.txt"; sourceTree = "<group>"; };
		4F908E1320AFE83900029E9F /* Give Us Clean Hands.txt */ = {isa = PBXFileReference; fileEncoding = 4; lastKnownFileType = text; path = "Give Us Clean Hands.txt"; sourceTree = "<group>"; };
		4F908E1420AFE83900029E9F /* Holding Nothing Back.txt */ = {isa = PBXFileReference; fileEncoding = 4; lastKnownFileType = text; path = "Holding Nothing Back.txt"; sourceTree = "<group>"; };
		4F908E1520AFE83900029E9F /* Grace Alone - Dustin Kensrue.txt */ = {isa = PBXFileReference; fileEncoding = 4; lastKnownFileType = text; path = "Grace Alone - Dustin Kensrue.txt"; sourceTree = "<group>"; };
		4F908E1620AFE83900029E9F /* Revelation Song - Jesus Culture.txt */ = {isa = PBXFileReference; fileEncoding = 4; lastKnownFileType = text; path = "Revelation Song - Jesus Culture.txt"; sourceTree = "<group>"; };
		4F908E1720AFE83900029E9F /* Like A Lion - David Crowder.txt */ = {isa = PBXFileReference; fileEncoding = 4; lastKnownFileType = text; path = "Like A Lion - David Crowder.txt"; sourceTree = "<group>"; };
		4F908E1820AFE83900029E9F /* Give Me Faith.txt */ = {isa = PBXFileReference; fileEncoding = 4; lastKnownFileType = text; path = "Give Me Faith.txt"; sourceTree = "<group>"; };
		4F908E1920AFE83900029E9F /* We Are Hungry.txt */ = {isa = PBXFileReference; fileEncoding = 4; lastKnownFileType = text; path = "We Are Hungry.txt"; sourceTree = "<group>"; };
		4F908E1A20AFE83900029E9F /* Forever Reign - Hillsong United.txt */ = {isa = PBXFileReference; fileEncoding = 4; lastKnownFileType = text; path = "Forever Reign - Hillsong United.txt"; sourceTree = "<group>"; };
		4F908E1B20AFE83900029E9F /* Anchor - Hillsong.txt */ = {isa = PBXFileReference; fileEncoding = 4; lastKnownFileType = text; path = "Anchor - Hillsong.txt"; sourceTree = "<group>"; };
		4F908E1C20AFE83900029E9F /* Sing To The Lord - Hillsong.txt */ = {isa = PBXFileReference; fileEncoding = 4; lastKnownFileType = text; path = "Sing To The Lord - Hillsong.txt"; sourceTree = "<group>"; };
		4F908E1D20AFE83900029E9F /* In Exile.txt */ = {isa = PBXFileReference; fileEncoding = 4; lastKnownFileType = text; path = "In Exile.txt"; sourceTree = "<group>"; };
		4F908E1E20AFE83900029E9F /* Running In Circles - United Pursuit Band.txt */ = {isa = PBXFileReference; fileEncoding = 4; lastKnownFileType = text; path = "Running In Circles - United Pursuit Band.txt"; sourceTree = "<group>"; };
		4FB1847320A6C1CD00A98DE8 /* EMWorship.app */ = {isa = PBXFileReference; explicitFileType = wrapper.application; includeInIndex = 0; path = EMWorship.app; sourceTree = BUILT_PRODUCTS_DIR; };
		4FB1847620A6C1CD00A98DE8 /* AppDelegate.swift */ = {isa = PBXFileReference; lastKnownFileType = sourcecode.swift; path = AppDelegate.swift; sourceTree = "<group>"; };
		4FB1847820A6C1CD00A98DE8 /* ViewController.swift */ = {isa = PBXFileReference; lastKnownFileType = sourcecode.swift; path = ViewController.swift; sourceTree = "<group>"; };
		4FB1847B20A6C1CD00A98DE8 /* Base */ = {isa = PBXFileReference; lastKnownFileType = file.storyboard; name = Base; path = Base.lproj/Main.storyboard; sourceTree = "<group>"; };
		4FB1847D20A6C1CF00A98DE8 /* Assets.xcassets */ = {isa = PBXFileReference; lastKnownFileType = folder.assetcatalog; path = Assets.xcassets; sourceTree = "<group>"; };
		4FB1848020A6C1CF00A98DE8 /* Base */ = {isa = PBXFileReference; lastKnownFileType = file.storyboard; name = Base; path = Base.lproj/LaunchScreen.storyboard; sourceTree = "<group>"; };
		4FB1848220A6C1CF00A98DE8 /* Info.plist */ = {isa = PBXFileReference; lastKnownFileType = text.plist.xml; path = Info.plist; sourceTree = "<group>"; };
		4FB1848820A6C59000A98DE8 /* praise.txt */ = {isa = PBXFileReference; fileEncoding = 4; lastKnownFileType = text; path = praise.txt; sourceTree = "<group>"; };
/* End PBXFileReference section */

/* Begin PBXFrameworksBuildPhase section */
		4FB1847020A6C1CD00A98DE8 /* Frameworks */ = {
			isa = PBXFrameworksBuildPhase;
			buildActionMask = 2147483647;
			files = (
			);
			runOnlyForDeploymentPostprocessing = 0;
		};
/* End PBXFrameworksBuildPhase section */

/* Begin PBXGroup section */
		4F908DDE20AFE83900029E9F /* Songs */ = {
			isa = PBXGroup;
			children = (
				4F908DDF20AFE83900029E9F /* Evermore.txt */,
				4F908DE020AFE83900029E9F /* Love Came Down - Bethel.txt */,
				4F908DE120AFE83900029E9F /* Heart Abandoned.txt */,
				4F908DE220AFE83900029E9F /* The Stand.txt */,
				4F908DE320AFE83900029E9F /* You Are Here (The Same Power) - Hillsong.txt */,
				4F908DE420AFE83900029E9F /* Furious - Jeremy Riddle.txt */,
				4F908DE520AFE83900029E9F /* Closer - Bethel.txt */,
				4F908DE620AFE83900029E9F /* Set A Fire.txt */,
				4F908DE720AFE83900029E9F /* Oceans - Hillsong.txt */,
				4F908DE820AFE83900029E9F /* Nothing I Hold Onto.txt */,
				4F908DE920AFE83900029E9F /* Satisfied In You.txt */,
				4F908DEA20AFE83900029E9F /* My Everything - Jesus Culture.txt */,
				4F908DEB20AFE83900029E9F /* Our God - Chris Tomlin.txt */,
				4F908DEC20AFE83900029E9F /* Oh God - Citizens and Saints.txt */,
				4F908DED20AFE83900029E9F /* Came To My Rescue - Hillsong.txt */,
				4F908DEE20AFE83900029E9F /* We Believe - Newsboys.txt */,
				4F908DEF20AFE83900029E9F /* Savior King - Hillsong.txt */,
				4F908DF020AFE83900029E9F /* One Thing Remains.txt */,
				4F908DF120AFE83900029E9F /* The Time Has Come.txt */,
				4F908DF220AFE83900029E9F /* Oh You Bring - Hillsong.txt */,
				4F908DF320AFE83900029E9F /* Find My Own Flame - United Pursuit Band.txt */,
				4F908DF420AFE83900029E9F /* Carry My Soul Away - Phil Wickham.txt */,
				4F908DF520AFE83900029E9F /* Break Every Chain - United Pursuit Band.txt */,
				4F908DF620AFE83900029E9F /* Cannons - Phil Wickham.txt */,
				4F908DF720AFE83900029E9F /* Touch The Sky.txt */,
				4F908DF820AFE83900029E9F /* Your Love Never Fails.txt */,
				4F908DF920AFE83900029E9F /* Indescribable - Chris Tomlin.txt */,
				4F908DFA20AFE83900029E9F /* Across The Earth - Hillsong.txt */,
				4F908DFB20AFE83900029E9F /* Anthology - Thrice.txt */,
				4F908DFC20AFE83900029E9F /* You Won't Relent.txt */,
				4F908DFD20AFE83900029E9F /* You Deserve - Hillsong.txt */,
				4F908DFE20AFE83900029E9F /* Nothing But The Blood - Jesus Culture.txt */,
				4F908DFF20AFE83900029E9F /* How He Loves Us.txt */,
				4F908E0020AFE83900029E9F /* Christ Is Risen - Dustin Kensrue.txt */,
				4F908E0120AFE83900029E9F /* Shout Unto God - Hillsong.txt */,
				4F908E0220AFE83900029E9F /* Come Lord Jesus - Dustin Kensrue.txt */,
				4F908E0320AFE83900029E9F /* Run - Hillsong.txt */,
				4F908E0420AFE83900029E9F /* Lead Me To The Cross.txt */,
				4F908E0520AFE83900029E9F /* Burning Ones - Jesus Culture.txt */,
				4F908E0620AFE83900029E9F /* God Is Good - Dustin Kensrue.txt */,
				4F908E0720AFE83900029E9F /* A Beautiful Exchange - Hillsong.txt */,
				4F908E0820AFE83900029E9F /* Create In Me A Clean Heart.txt */,
				4F908E0920AFE83900029E9F /* Come Thou Fount - Kings Kaleidoscope.txt */,
				4F908E0A20AFE83900029E9F /* We Will Not Be Shaken - Bethel.txt */,
				4F908E0B20AFE83900029E9F /* From The Inside Out - Hillsong.txt */,
				4F908E0C20AFE83900029E9F /* Pursuit - Kim Walker.txt */,
				4F908E0D20AFE83900029E9F /* Called Me Higher - All Sons and Daughters.txt */,
				4F908E0E20AFE83900029E9F /* Bigger Than - For All Seasons.txt */,
				4F908E0F20AFE83900029E9F /* Fill Me Up - Jesus Culture.txt */,
				4F908E1020AFE83900029E9F /* Holy Spirit.txt */,
				4F908E1120AFE83900029E9F /* Abound In Us - Dustin Kensrue.txt */,
				4F908E1220AFE83900029E9F /* Let It Rain.txt */,
				4F908E1320AFE83900029E9F /* Give Us Clean Hands.txt */,
				4F908E1420AFE83900029E9F /* Holding Nothing Back.txt */,
				4F908E1520AFE83900029E9F /* Grace Alone - Dustin Kensrue.txt */,
				4F908E1620AFE83900029E9F /* Revelation Song - Jesus Culture.txt */,
				4F908E1720AFE83900029E9F /* Like A Lion - David Crowder.txt */,
				4F908E1820AFE83900029E9F /* Give Me Faith.txt */,
				4F908E1920AFE83900029E9F /* We Are Hungry.txt */,
				4F908E1A20AFE83900029E9F /* Forever Reign - Hillsong United.txt */,
				4F908E1B20AFE83900029E9F /* Anchor - Hillsong.txt */,
				4F908E1C20AFE83900029E9F /* Sing To The Lord - Hillsong.txt */,
				4F908E1D20AFE83900029E9F /* In Exile.txt */,
				4F908E1E20AFE83900029E9F /* Running In Circles - United Pursuit Band.txt */,
			);
			name = Songs;
			path = ../../../../Documents/Songs;
			sourceTree = "<group>";
		};
		4FB1846A20A6C1CD00A98DE8 = {
			isa = PBXGroup;
			children = (
				4FB1847520A6C1CD00A98DE8 /* EMWorship */,
				4FB1847420A6C1CD00A98DE8 /* Products */,
			);
			sourceTree = "<group>";
		};
		4FB1847420A6C1CD00A98DE8 /* Products */ = {
			isa = PBXGroup;
			children = (
				4FB1847320A6C1CD00A98DE8 /* EMWorship.app */,
			);
			name = Products;
			sourceTree = "<group>";
		};
		4FB1847520A6C1CD00A98DE8 /* EMWorship */ = {
			isa = PBXGroup;
			children = (
				4F908DDE20AFE83900029E9F /* Songs */,
				4FB1847620A6C1CD00A98DE8 /* AppDelegate.swift */,
				4F8BDD4820A7C8D3008DA64A /* TableViewController.swift */,
				4FB1847820A6C1CD00A98DE8 /* ViewController.swift */,
				4FB1847A20A6C1CD00A98DE8 /* Main.storyboard */,
				4FB1847D20A6C1CF00A98DE8 /* Assets.xcassets */,
				4FB1848820A6C59000A98DE8 /* praise.txt */,
				4FB1847F20A6C1CF00A98DE8 /* LaunchScreen.storyboard */,
				4FB1848220A6C1CF00A98DE8 /* Info.plist */,
				4F4930AA20B5145B0060D157 /* MainViewController.swift */,
				4F4930AC20B5195C0060D157 /* RandomSongViewController.swift */,
			);
			path = EMWorship;
			sourceTree = "<group>";
		};
/* End PBXGroup section */

/* Begin PBXNativeTarget section */
		4FB1847220A6C1CD00A98DE8 /* EMWorship */ = {
			isa = PBXNativeTarget;
			buildConfigurationList = 4FB1848520A6C1CF00A98DE8 /* Build configuration list for PBXNativeTarget "EMWorship" */;
			buildPhases = (
				4FB1846F20A6C1CD00A98DE8 /* Sources */,
				4FB1847020A6C1CD00A98DE8 /* Frameworks */,
				4FB1847120A6C1CD00A98DE8 /* Resources */,
			);
			buildRules = (
			);
			dependencies = (
			);
			name = EMWorship;
			productName = EMWorship;
			productReference = 4FB1847320A6C1CD00A98DE8 /* EMWorship.app */;
			productType = "com.apple.product-type.application";
		};
/* End PBXNativeTarget section */

/* Begin PBXProject section */
		4FB1846B20A6C1CD00A98DE8 /* Project object */ = {
			isa = PBXProject;
			attributes = {
				LastSwiftUpdateCheck = 0930;
				LastUpgradeCheck = 0930;
				ORGANIZATIONNAME = "Jarvis Flores";
				TargetAttributes = {
					4FB1847220A6C1CD00A98DE8 = {
						CreatedOnToolsVersion = 9.3.1;
					};
				};
			};
			buildConfigurationList = 4FB1846E20A6C1CD00A98DE8 /* Build configuration list for PBXProject "EMWorship" */;
			compatibilityVersion = "Xcode 9.3";
			developmentRegion = en;
			hasScannedForEncodings = 0;
			knownRegions = (
				en,
				Base,
			);
			mainGroup = 4FB1846A20A6C1CD00A98DE8;
			productRefGroup = 4FB1847420A6C1CD00A98DE8 /* Products */;
			projectDirPath = "";
			projectRoot = "";
			targets = (
				4FB1847220A6C1CD00A98DE8 /* EMWorship */,
			);
		};
/* End PBXProject section */

/* Begin PBXResourcesBuildPhase section */
		4FB1847120A6C1CD00A98DE8 /* Resources */ = {
			isa = PBXResourcesBuildPhase;
			buildActionMask = 2147483647;
			files = (
				4F908E5520AFE83900029E9F /* Grace Alone - Dustin Kensrue.txt in Resources */,
				4F908E2720AFE83900029E9F /* Oceans - Hillsong.txt in Resources */,
				4F908E2B20AFE83900029E9F /* Our God - Chris Tomlin.txt in Resources */,
				4F908E3320AFE83900029E9F /* Find My Own Flame - United Pursuit Band.txt in Resources */,
				4F908E5620AFE83900029E9F /* Revelation Song - Jesus Culture.txt in Resources */,
				4FB1848920A6C59000A98DE8 /* praise.txt in Resources */,
				4F908E5820AFE83900029E9F /* Give Me Faith.txt in Resources */,
				4F908E4420AFE83900029E9F /* Lead Me To The Cross.txt in Resources */,
				4F908E2420AFE83900029E9F /* Furious - Jeremy Riddle.txt in Resources */,
				4F908E3E20AFE83900029E9F /* Nothing But The Blood - Jesus Culture.txt in Resources */,
				4F908E3020AFE83900029E9F /* One Thing Remains.txt in Resources */,
				4F908E4C20AFE83900029E9F /* Pursuit - Kim Walker.txt in Resources */,
				4F908E5C20AFE83900029E9F /* Sing To The Lord - Hillsong.txt in Resources */,
				4F908E3620AFE83900029E9F /* Cannons - Phil Wickham.txt in Resources */,
				4F908E5920AFE83900029E9F /* We Are Hungry.txt in Resources */,
				4F908E3820AFE83900029E9F /* Your Love Never Fails.txt in Resources */,
				4F908E3C20AFE83900029E9F /* You Won't Relent.txt in Resources */,
				4F908E5020AFE83900029E9F /* Holy Spirit.txt in Resources */,
				4F908E4820AFE83900029E9F /* Create In Me A Clean Heart.txt in Resources */,
				4F908E4220AFE83900029E9F /* Come Lord Jesus - Dustin Kensrue.txt in Resources */,
				4F908E2320AFE83900029E9F /* You Are Here (The Same Power) - Hillsong.txt in Resources */,
				4F908E4920AFE83900029E9F /* Come Thou Fount - Kings Kaleidoscope.txt in Resources */,
				4F908E5420AFE83900029E9F /* Holding Nothing Back.txt in Resources */,
				4F908E5320AFE83900029E9F /* Give Us Clean Hands.txt in Resources */,
				4FB1848120A6C1CF00A98DE8 /* LaunchScreen.storyboard in Resources */,
				4F908E2E20AFE83900029E9F /* We Believe - Newsboys.txt in Resources */,
				4F908E4F20AFE83900029E9F /* Fill Me Up - Jesus Culture.txt in Resources */,
				4FB1847E20A6C1CF00A98DE8 /* Assets.xcassets in Resources */,
				4F908E1F20AFE83900029E9F /* Evermore.txt in Resources */,
				4F908E4A20AFE83900029E9F /* We Will Not Be Shaken - Bethel.txt in Resources */,
				4F908E2020AFE83900029E9F /* Love Came Down - Bethel.txt in Resources */,
				4F908E3920AFE83900029E9F /* Indescribable - Chris Tomlin.txt in Resources */,
				4F908E4020AFE83900029E9F /* Christ Is Risen - Dustin Kensrue.txt in Resources */,
				4F908E4720AFE83900029E9F /* A Beautiful Exchange - Hillsong.txt in Resources */,
				4F908E2520AFE83900029E9F /* Closer - Bethel.txt in Resources */,
				4F908E3B20AFE83900029E9F /* Anthology - Thrice.txt in Resources */,
				4F908E4B20AFE83900029E9F /* From The Inside Out - Hillsong.txt in Resources */,
				4F908E4120AFE83900029E9F /* Shout Unto God - Hillsong.txt in Resources */,
				4F908E2120AFE83900029E9F /* Heart Abandoned.txt in Resources */,
				4F908E4D20AFE83900029E9F /* Called Me Higher - All Sons and Daughters.txt in Resources */,
				4F908E2F20AFE83900029E9F /* Savior King - Hillsong.txt in Resources */,
				4F908E2820AFE83900029E9F /* Nothing I Hold Onto.txt in Resources */,
				4F908E2C20AFE83900029E9F /* Oh God - Citizens and Saints.txt in Resources */,
				4F908E2220AFE83900029E9F /* The Stand.txt in Resources */,
				4F908E3D20AFE83900029E9F /* You Deserve - Hillsong.txt in Resources */,
				4F908E2D20AFE83900029E9F /* Came To My Rescue - Hillsong.txt in Resources */,
				4F908E5E20AFE83900029E9F /* Running In Circles - United Pursuit Band.txt in Resources */,
				4F908E5120AFE83900029E9F /* Abound In Us - Dustin Kensrue.txt in Resources */,
				4F908E4520AFE83900029E9F /* Burning Ones - Jesus Culture.txt in Resources */,
				4F908E5220AFE83900029E9F /* Let It Rain.txt in Resources */,
				4F908E5720AFE83900029E9F /* Like A Lion - David Crowder.txt in Resources */,
				4F908E3420AFE83900029E9F /* Carry My Soul Away - Phil Wickham.txt in Resources */,
				4F908E4620AFE83900029E9F /* God Is Good - Dustin Kensrue.txt in Resources */,
				4F908E3F20AFE83900029E9F /* How He Loves Us.txt in Resources */,
				4F908E3520AFE83900029E9F /* Break Every Chain - United Pursuit Band.txt in Resources */,
				4F908E5B20AFE83900029E9F /* Anchor - Hillsong.txt in Resources */,
				4FB1847C20A6C1CD00A98DE8 /* Main.storyboard in Resources */,
				4F908E3120AFE83900029E9F /* The Time Has Come.txt in Resources */,
				4F908E3A20AFE83900029E9F /* Across The Earth - Hillsong.txt in Resources */,
				4F908E4E20AFE83900029E9F /* Bigger Than - For All Seasons.txt in Resources */,
				4F908E3220AFE83900029E9F /* Oh You Bring - Hillsong.txt in Resources */,
				4F908E4320AFE83900029E9F /* Run - Hillsong.txt in Resources */,
				4F908E5D20AFE83900029E9F /* In Exile.txt in Resources */,
				4F908E2920AFE83900029E9F /* Satisfied In You.txt in Resources */,
				4F908E3720AFE83900029E9F /* Touch The Sky.txt in Resources */,
				4F908E5A20AFE83900029E9F /* Forever Reign - Hillsong United.txt in Resources */,
				4F908E2620AFE83900029E9F /* Set A Fire.txt in Resources */,
				4F908E2A20AFE83900029E9F /* My Everything - Jesus Culture.txt in Resources */,
			);
			runOnlyForDeploymentPostprocessing = 0;
		};
/* End PBXResourcesBuildPhase section */

/* Begin PBXSourcesBuildPhase section */
		4FB1846F20A6C1CD00A98DE8 /* Sources */ = {
			isa = PBXSourcesBuildPhase;
			buildActionMask = 2147483647;
			files = (
				4FB1847920A6C1CD00A98DE8 /* ViewController.swift in Sources */,
				4F8BDD4920A7C8D3008DA64A /* TableViewController.swift in Sources */,
				4FB1847720A6C1CD00A98DE8 /* AppDelegate.swift in Sources */,
				4F4930AD20B5195C0060D157 /* RandomSongViewController.swift in Sources */,
				4F4930AB20B5145B0060D157 /* MainViewController.swift in Sources */,
			);
			runOnlyForDeploymentPostprocessing = 0;
		};
/* End PBXSourcesBuildPhase section */

/* Begin PBXVariantGroup section */
		4FB1847A20A6C1CD00A98DE8 /* Main.storyboard */ = {
			isa = PBXVariantGroup;
			children = (
				4FB1847B20A6C1CD00A98DE8 /* Base */,
			);
			name = Main.storyboard;
			sourceTree = "<group>";
		};
		4FB1847F20A6C1CF00A98DE8 /* LaunchScreen.storyboard */ = {
			isa = PBXVariantGroup;
			children = (
				4FB1848020A6C1CF00A98DE8 /* Base */,
			);
			name = LaunchScreen.storyboard;
			sourceTree = "<group>";
		};
/* End PBXVariantGroup section */

/* Begin XCBuildConfiguration section */
		4FB1848320A6C1CF00A98DE8 /* Debug */ = {
			isa = XCBuildConfiguration;
			buildSettings = {
				ALWAYS_SEARCH_USER_PATHS = NO;
				CLANG_ANALYZER_NONNULL = YES;
				CLANG_ANALYZER_NUMBER_OBJECT_CONVERSION = YES_AGGRESSIVE;
				CLANG_CXX_LANGUAGE_STANDARD = "gnu++14";
				CLANG_CXX_LIBRARY = "libc++";
				CLANG_ENABLE_MODULES = YES;
				CLANG_ENABLE_OBJC_ARC = YES;
				CLANG_ENABLE_OBJC_WEAK = YES;
				CLANG_WARN_BLOCK_CAPTURE_AUTORELEASING = YES;
				CLANG_WARN_BOOL_CONVERSION = YES;
				CLANG_WARN_COMMA = YES;
				CLANG_WARN_CONSTANT_CONVERSION = YES;
				CLANG_WARN_DEPRECATED_OBJC_IMPLEMENTATIONS = YES;
				CLANG_WARN_DIRECT_OBJC_ISA_USAGE = YES_ERROR;
				CLANG_WARN_DOCUMENTATION_COMMENTS = YES;
				CLANG_WARN_EMPTY_BODY = YES;
				CLANG_WARN_ENUM_CONVERSION = YES;
				CLANG_WARN_INFINITE_RECURSION = YES;
				CLANG_WARN_INT_CONVERSION = YES;
				CLANG_WARN_NON_LITERAL_NULL_CONVERSION = YES;
				CLANG_WARN_OBJC_IMPLICIT_RETAIN_SELF = YES;
				CLANG_WARN_OBJC_LITERAL_CONVERSION = YES;
				CLANG_WARN_OBJC_ROOT_CLASS = YES_ERROR;
				CLANG_WARN_RANGE_LOOP_ANALYSIS = YES;
				CLANG_WARN_STRICT_PROTOTYPES = YES;
				CLANG_WARN_SUSPICIOUS_MOVE = YES;
				CLANG_WARN_UNGUARDED_AVAILABILITY = YES_AGGRESSIVE;
				CLANG_WARN_UNREACHABLE_CODE = YES;
				CLANG_WARN__DUPLICATE_METHOD_MATCH = YES;
				CODE_SIGN_IDENTITY = "iPhone Developer";
				COPY_PHASE_STRIP = NO;
				DEBUG_INFORMATION_FORMAT = dwarf;
				ENABLE_STRICT_OBJC_MSGSEND = YES;
				ENABLE_TESTABILITY = YES;
				GCC_C_LANGUAGE_STANDARD = gnu11;
				GCC_DYNAMIC_NO_PIC = NO;
				GCC_NO_COMMON_BLOCKS = YES;
				GCC_OPTIMIZATION_LEVEL = 0;
				GCC_PREPROCESSOR_DEFINITIONS = (
					"DEBUG=1",
					"$(inherited)",
				);
				GCC_WARN_64_TO_32_BIT_CONVERSION = YES;
				GCC_WARN_ABOUT_RETURN_TYPE = YES_ERROR;
				GCC_WARN_UNDECLARED_SELECTOR = YES;
				GCC_WARN_UNINITIALIZED_AUTOS = YES_AGGRESSIVE;
				GCC_WARN_UNUSED_FUNCTION = YES;
				GCC_WARN_UNUSED_VARIABLE = YES;
				IPHONEOS_DEPLOYMENT_TARGET = 11.3;
				MTL_ENABLE_DEBUG_INFO = YES;
				ONLY_ACTIVE_ARCH = YES;
				SDKROOT = iphoneos;
				SWIFT_ACTIVE_COMPILATION_CONDITIONS = DEBUG;
				SWIFT_OPTIMIZATION_LEVEL = "-Onone";
			};
			name = Debug;
		};
		4FB1848420A6C1CF00A98DE8 /* Release */ = {
			isa = XCBuildConfiguration;
			buildSettings = {
				ALWAYS_SEARCH_USER_PATHS = NO;
				CLANG_ANALYZER_NONNULL = YES;
				CLANG_ANALYZER_NUMBER_OBJECT_CONVERSION = YES_AGGRESSIVE;
				CLANG_CXX_LANGUAGE_STANDARD = "gnu++14";
				CLANG_CXX_LIBRARY = "libc++";
				CLANG_ENABLE_MODULES = YES;
				CLANG_ENABLE_OBJC_ARC = YES;
				CLANG_ENABLE_OBJC_WEAK = YES;
				CLANG_WARN_BLOCK_CAPTURE_AUTORELEASING = YES;
				CLANG_WARN_BOOL_CONVERSION = YES;
				CLANG_WARN_COMMA = YES;
				CLANG_WARN_CONSTANT_CONVERSION = YES;
				CLANG_WARN_DEPRECATED_OBJC_IMPLEMENTATIONS = YES;
				CLANG_WARN_DIRECT_OBJC_ISA_USAGE = YES_ERROR;
				CLANG_WARN_DOCUMENTATION_COMMENTS = YES;
				CLANG_WARN_EMPTY_BODY = YES;
				CLANG_WARN_ENUM_CONVERSION = YES;
				CLANG_WARN_INFINITE_RECURSION = YES;
				CLANG_WARN_INT_CONVERSION = YES;
				CLANG_WARN_NON_LITERAL_NULL_CONVERSION = YES;
				CLANG_WARN_OBJC_IMPLICIT_RETAIN_SELF = YES;
				CLANG_WARN_OBJC_LITERAL_CONVERSION = YES;
				CLANG_WARN_OBJC_ROOT_CLASS = YES_ERROR;
				CLANG_WARN_RANGE_LOOP_ANALYSIS = YES;
				CLANG_WARN_STRICT_PROTOTYPES = YES;
				CLANG_WARN_SUSPICIOUS_MOVE = YES;
				CLANG_WARN_UNGUARDED_AVAILABILITY = YES_AGGRESSIVE;
				CLANG_WARN_UNREACHABLE_CODE = YES;
				CLANG_WARN__DUPLICATE_METHOD_MATCH = YES;
				CODE_SIGN_IDENTITY = "iPhone Developer";
				COPY_PHASE_STRIP = NO;
				DEBUG_INFORMATION_FORMAT = "dwarf-with-dsym";
				ENABLE_NS_ASSERTIONS = NO;
				ENABLE_STRICT_OBJC_MSGSEND = YES;
				GCC_C_LANGUAGE_STANDARD = gnu11;
				GCC_NO_COMMON_BLOCKS = YES;
				GCC_WARN_64_TO_32_BIT_CONVERSION = YES;
				GCC_WARN_ABOUT_RETURN_TYPE = YES_ERROR;
				GCC_WARN_UNDECLARED_SELECTOR = YES;
				GCC_WARN_UNINITIALIZED_AUTOS = YES_AGGRESSIVE;
				GCC_WARN_UNUSED_FUNCTION = YES;
				GCC_WARN_UNUSED_VARIABLE = YES;
				IPHONEOS_DEPLOYMENT_TARGET = 11.3;
				MTL_ENABLE_DEBUG_INFO = NO;
				SDKROOT = iphoneos;
				SWIFT_COMPILATION_MODE = wholemodule;
				SWIFT_OPTIMIZATION_LEVEL = "-O";
				VALIDATE_PRODUCT = YES;
			};
			name = Release;
		};
		4FB1848620A6C1CF00A98DE8 /* Debug */ = {
			isa = XCBuildConfiguration;
			buildSettings = {
				ASSETCATALOG_COMPILER_APPICON_NAME = AppIcon;
				CODE_SIGN_STYLE = Automatic;
				DEVELOPMENT_TEAM = AP7YXKLV2V;
				INFOPLIST_FILE = EMWorship/Info.plist;
				IPHONEOS_DEPLOYMENT_TARGET = 11.0;
				LD_RUNPATH_SEARCH_PATHS = (
					"$(inherited)",
					"@executable_path/Frameworks",
				);
				PRODUCT_BUNDLE_IDENTIFIER = com.companyname.emworship;
				PRODUCT_NAME = "$(TARGET_NAME)";
				SWIFT_VERSION = 4.0;
				TARGETED_DEVICE_FAMILY = "1,2";
			};
			name = Debug;
		};
		4FB1848720A6C1CF00A98DE8 /* Release */ = {
			isa = XCBuildConfiguration;
			buildSettings = {
				ASSETCATALOG_COMPILER_APPICON_NAME = AppIcon;
				CODE_SIGN_STYLE = Automatic;
				DEVELOPMENT_TEAM = AP7YXKLV2V;
				INFOPLIST_FILE = EMWorship/Info.plist;
				IPHONEOS_DEPLOYMENT_TARGET = 11.0;
				LD_RUNPATH_SEARCH_PATHS = (
					"$(inherited)",
					"@executable_path/Frameworks",
				);
				PRODUCT_BUNDLE_IDENTIFIER = com.companyname.emworship;
				PRODUCT_NAME = "$(TARGET_NAME)";
				SWIFT_VERSION = 4.0;
				TARGETED_DEVICE_FAMILY = "1,2";
			};
			name = Release;
		};
/* End XCBuildConfiguration section */

/* Begin XCConfigurationList section */
		4FB1846E20A6C1CD00A98DE8 /* Build configuration list for PBXProject "EMWorship" */ = {
			isa = XCConfigurationList;
			buildConfigurations = (
				4FB1848320A6C1CF00A98DE8 /* Debug */,
				4FB1848420A6C1CF00A98DE8 /* Release */,
			);
			defaultConfigurationIsVisible = 0;
			defaultConfigurationName = Release;
		};
		4FB1848520A6C1CF00A98DE8 /* Build configuration list for PBXNativeTarget "EMWorship" */ = {
			isa = XCConfigurationList;
			buildConfigurations = (
				4FB1848620A6C1CF00A98DE8 /* Debug */,
				4FB1848720A6C1CF00A98DE8 /* Release */,
			);
			defaultConfigurationIsVisible = 0;
			defaultConfigurationName = Release;
		};
/* End XCConfigurationList section */
	};
	rootObject = 4FB1846B20A6C1CD00A98DE8 /* Project object */;
}
